
Microsoft Visual Studio Solution File, Format Version 12.00
# Visual Studio Version 16
VisualStudioVersion = 16.0.29230.47
MinimumVisualStudioVersion = 10.0.40219.1
Project("{9A19103F-16F7-4668-BE54-9A1E7A4F7556}") = "Agenda.Api", "Agenda.Api\Agenda.Api.csproj", "{7DF66DA2-C629-4A1D-BD60-3B965904CAE9}"
EndProject
Project("{9A19103F-16F7-4668-BE54-9A1E7A4F7556}") = "Agenda.Data", "Agenda.Data\Agenda.Data.csproj", "{CE748FDD-412F-45E4-BE2D-E8DED8224D6F}"
EndProject
Project("{FAE04EC0-301F-11D3-BF4B-00C04F79EFBC}") = "Sample.Teste", "Sample.Teste\Sample.Teste.csproj", "{09676D65-BDCA-4629-BB98-9FA7B6039D90}"
EndProject
Global
	GlobalSection(SolutionConfigurationPlatforms) = preSolution
		Debug|Any CPU = Debug|Any CPU
		Release|Any CPU = Release|Any CPU
	EndGlobalSection
	GlobalSection(ProjectConfigurationPlatforms) = postSolution
		{7DF66DA2-C629-4A1D-BD60-3B965904CAE9}.Debug|Any CPU.ActiveCfg = Debug|Any CPU
		{7DF66DA2-C629-4A1D-BD60-3B965904CAE9}.Debug|Any CPU.Build.0 = Debug|Any CPU
		{7DF66DA2-C629-4A1D-BD60-3B965904CAE9}.Release|Any CPU.ActiveCfg = Release|Any CPU
		{7DF66DA2-C629-4A1D-BD60-3B965904CAE9}.Release|Any CPU.Build.0 = Release|Any CPU
		{CE748FDD-412F-45E4-BE2D-E8DED8224D6F}.Debug|Any CPU.ActiveCfg = Debug|Any CPU
		{CE748FDD-412F-45E4-BE2D-E8DED8224D6F}.Debug|Any CPU.Build.0 = Debug|Any CPU
		{CE748FDD-412F-45E4-BE2D-E8DED8224D6F}.Release|Any CPU.ActiveCfg = Release|Any CPU
		{CE748FDD-412F-45E4-BE2D-E8DED8224D6F}.Release|Any CPU.Build.0 = Release|Any CPU
		{09676D65-BDCA-4629-BB98-9FA7B6039D90}.Debug|Any CPU.ActiveCfg = Debug|Any CPU
		{09676D65-BDCA-4629-BB98-9FA7B6039D90}.Debug|Any CPU.Build.0 = Debug|Any CPU
		{09676D65-BDCA-4629-BB98-9FA7B6039D90}.Release|Any CPU.ActiveCfg = Release|Any CPU
		{09676D65-BDCA-4629-BB98-9FA7B6039D90}.Release|Any CPU.Build.0 = Release|Any CPU
	EndGlobalSection
	GlobalSection(SolutionProperties) = preSolution
		HideSolutionNode = FALSE
	EndGlobalSection
	GlobalSection(ExtensibilityGlobals) = postSolution
		SolutionGuid = {39431187-8F95-480D-8483-BE7BE805B329}
	EndGlobalSection
EndGlobal
